
Microsoft Visual Studio Solution File, Format Version 12.00
# Visual Studio Version 17
VisualStudioVersion = 17.6.33815.320
MinimumVisualStudioVersion = 10.0.40219.1
Project("{FAE04EC0-301F-11D3-BF4B-00C04F79EFBC}") = "Endustri_API", "Endustri_API\Endustri_API.csproj", "{F37114B5-71CA-4550-BC93-55AD16BDBFE6}"
EndProject
Global
	GlobalSection(SolutionConfigurationPlatforms) = preSolution
		Debug|Any CPU = Debug|Any CPU
		Release|Any CPU = Release|Any CPU
	EndGlobalSection
	GlobalSection(ProjectConfigurationPlatforms) = postSolution
		{F37114B5-71CA-4550-BC93-55AD16BDBFE6}.Debug|Any CPU.ActiveCfg = Debug|Any CPU
		{F37114B5-71CA-4550-BC93-55AD16BDBFE6}.Debug|Any CPU.Build.0 = Debug|Any CPU
		{F37114B5-71CA-4550-BC93-55AD16BDBFE6}.Release|Any CPU.ActiveCfg = Release|Any CPU
		{F37114B5-71CA-4550-BC93-55AD16BDBFE6}.Release|Any CPU.Build.0 = Release|Any CPU
	EndGlobalSection
	GlobalSection(SolutionProperties) = preSolution
		HideSolutionNode = FALSE
	EndGlobalSection
	GlobalSection(ExtensibilityGlobals) = postSolution
		SolutionGuid = {842D0E01-233E-4FD4-9413-ADC401E7218D}
	EndGlobalSection
EndGlobal
